
Microsoft Visual Studio Solution File, Format Version 12.00
# Visual Studio Version 16
VisualStudioVersion = 16.0.30523.141
MinimumVisualStudioVersion = 10.0.40219.1
Project("{FAE04EC0-301F-11D3-BF4B-00C04F79EFBC}") = "LifeGame", "LifeGame.csproj", "{41CEF200-9B9F-41D2-B97C-0F3B9C1FE557}"
EndProject
Global
	GlobalSection(SolutionConfigurationPlatforms) = preSolution
		Debug|Any CPU = Debug|Any CPU
		Debug|x64 = Debug|x64
		Release|Any CPU = Release|Any CPU
		Release|x64 = Release|x64
	EndGlobalSection
	GlobalSection(ProjectConfigurationPlatforms) = postSolution
		{41CEF200-9B9F-41D2-B97C-0F3B9C1FE557}.Debug|Any CPU.ActiveCfg = Debug|Any CPU
		{41CEF200-9B9F-41D2-B97C-0F3B9C1FE557}.Debug|Any CPU.Build.0 = Debug|Any CPU
		{41CEF200-9B9F-41D2-B97C-0F3B9C1FE557}.Debug|x64.ActiveCfg = Debug|x64
		{41CEF200-9B9F-41D2-B97C-0F3B9C1FE557}.Debug|x64.Build.0 = Debug|x64
		{41CEF200-9B9F-41D2-B97C-0F3B9C1FE557}.Release|Any CPU.ActiveCfg = Release|Any CPU
		{41CEF200-9B9F-41D2-B97C-0F3B9C1FE557}.Release|Any CPU.Build.0 = Release|Any CPU
		{41CEF200-9B9F-41D2-B97C-0F3B9C1FE557}.Release|x64.ActiveCfg = Release|x64
		{41CEF200-9B9F-41D2-B97C-0F3B9C1FE557}.Release|x64.Build.0 = Release|x64
	EndGlobalSection
	GlobalSection(SolutionProperties) = preSolution
		HideSolutionNode = FALSE
	EndGlobalSection
	GlobalSection(ExtensibilityGlobals) = postSolution
		SolutionGuid = {BDA3EB3B-1DB6-4B97-9824-C9AB9144B7F5}
	EndGlobalSection
EndGlobal
